
Microsoft Visual Studio Solution File, Format Version 12.00
# Visual Studio Version 17
VisualStudioVersion = 17.8.34330.188
MinimumVisualStudioVersion = 10.0.40219.1
Project("{FAE04EC0-301F-11D3-BF4B-00C04F79EFBC}") = "TestAutostart", "TestAutostart\TestAutostart.csproj", "{2F57158E-1F02-4F2A-A2E7-60F60E645720}"
EndProject
Global
	GlobalSection(SolutionConfigurationPlatforms) = preSolution
		Debug|Any CPU = Debug|Any CPU
		Release|Any CPU = Release|Any CPU
	EndGlobalSection
	GlobalSection(ProjectConfigurationPlatforms) = postSolution
		{2F57158E-1F02-4F2A-A2E7-60F60E645720}.Debug|Any CPU.ActiveCfg = Debug|Any CPU
		{2F57158E-1F02-4F2A-A2E7-60F60E645720}.Debug|Any CPU.Build.0 = Debug|Any CPU
		{2F57158E-1F02-4F2A-A2E7-60F60E645720}.Release|Any CPU.ActiveCfg = Release|Any CPU
		{2F57158E-1F02-4F2A-A2E7-60F60E645720}.Release|Any CPU.Build.0 = Release|Any CPU
	EndGlobalSection
	GlobalSection(SolutionProperties) = preSolution
		HideSolutionNode = FALSE
	EndGlobalSection
	GlobalSection(ExtensibilityGlobals) = postSolution
		SolutionGuid = {869FEB4A-B9D9-45FA-9464-82DE12E2773C}
	EndGlobalSection
EndGlobal
